
Microsoft Visual Studio Solution File, Format Version 12.00
# Visual Studio Version 17
VisualStudioVersion = 17.4.33205.214
MinimumVisualStudioVersion = 10.0.40219.1
Project("{FAE04EC0-301F-11D3-BF4B-00C04F79EFBC}") = "FractionCalculatorWithGUI_Final", "FractionCalculatorWithGUI_Final.csproj", "{D6B04431-2111-40D9-8B0F-0E141F39C599}"
EndProject
Global
	GlobalSection(SolutionConfigurationPlatforms) = preSolution
		Debug|Any CPU = Debug|Any CPU
		Release|Any CPU = Release|Any CPU
	EndGlobalSection
	GlobalSection(ProjectConfigurationPlatforms) = postSolution
		{D6B04431-2111-40D9-8B0F-0E141F39C599}.Debug|Any CPU.ActiveCfg = Debug|Any CPU
		{D6B04431-2111-40D9-8B0F-0E141F39C599}.Debug|Any CPU.Build.0 = Debug|Any CPU
		{D6B04431-2111-40D9-8B0F-0E141F39C599}.Release|Any CPU.ActiveCfg = Release|Any CPU
		{D6B04431-2111-40D9-8B0F-0E141F39C599}.Release|Any CPU.Build.0 = Release|Any CPU
	EndGlobalSection
	GlobalSection(SolutionProperties) = preSolution
		HideSolutionNode = FALSE
	EndGlobalSection
	GlobalSection(ExtensibilityGlobals) = postSolution
		SolutionGuid = {72A2E095-EE98-4D46-8ECA-F729A5C66CC3}
	EndGlobalSection
EndGlobal
